
Microsoft Visual Studio Solution File, Format Version 12.00
# Visual Studio Version 17
VisualStudioVersion = 17.13.35828.75
MinimumVisualStudioVersion = 10.0.40219.1
Project("{FAE04EC0-301F-11D3-BF4B-00C04F79EFBC}") = "ORDER.API", "ORDER.API\ORDER.API.csproj", "{DD83AA47-6AE5-40E6-811C-3D4F6EC742D0}"
EndProject
Project("{FAE04EC0-301F-11D3-BF4B-00C04F79EFBC}") = "Shared", "Shared\Shared.csproj", "{DC03F9E0-4680-4E2B-BC24-2DE22E04718F}"
EndProject
Project("{FAE04EC0-301F-11D3-BF4B-00C04F79EFBC}") = "STOCK.API", "STOCK.API\STOCK.API.csproj", "{64D1541E-1E20-4806-949A-1D5968F8BE36}"
EndProject
Project("{FAE04EC0-301F-11D3-BF4B-00C04F79EFBC}") = "PAYMENT.API", "PAYMENT.API\PAYMENT.API.csproj", "{8D428110-1F66-44A8-9FD6-A595AD57E3FE}"
EndProject
Global
	GlobalSection(SolutionConfigurationPlatforms) = preSolution
		Debug|Any CPU = Debug|Any CPU
		Release|Any CPU = Release|Any CPU
	EndGlobalSection
	GlobalSection(ProjectConfigurationPlatforms) = postSolution
		{DD83AA47-6AE5-40E6-811C-3D4F6EC742D0}.Debug|Any CPU.ActiveCfg = Debug|Any CPU
		{DD83AA47-6AE5-40E6-811C-3D4F6EC742D0}.Debug|Any CPU.Build.0 = Debug|Any CPU
		{DD83AA47-6AE5-40E6-811C-3D4F6EC742D0}.Release|Any CPU.ActiveCfg = Release|Any CPU
		{DD83AA47-6AE5-40E6-811C-3D4F6EC742D0}.Release|Any CPU.Build.0 = Release|Any CPU
		{DC03F9E0-4680-4E2B-BC24-2DE22E04718F}.Debug|Any CPU.ActiveCfg = Debug|Any CPU
		{DC03F9E0-4680-4E2B-BC24-2DE22E04718F}.Debug|Any CPU.Build.0 = Debug|Any CPU
		{DC03F9E0-4680-4E2B-BC24-2DE22E04718F}.Release|Any CPU.ActiveCfg = Release|Any CPU
		{DC03F9E0-4680-4E2B-BC24-2DE22E04718F}.Release|Any CPU.Build.0 = Release|Any CPU
		{64D1541E-1E20-4806-949A-1D5968F8BE36}.Debug|Any CPU.ActiveCfg = Debug|Any CPU
		{64D1541E-1E20-4806-949A-1D5968F8BE36}.Debug|Any CPU.Build.0 = Debug|Any CPU
		{64D1541E-1E20-4806-949A-1D5968F8BE36}.Release|Any CPU.ActiveCfg = Release|Any CPU
		{64D1541E-1E20-4806-949A-1D5968F8BE36}.Release|Any CPU.Build.0 = Release|Any CPU
		{8D428110-1F66-44A8-9FD6-A595AD57E3FE}.Debug|Any CPU.ActiveCfg = Debug|Any CPU
		{8D428110-1F66-44A8-9FD6-A595AD57E3FE}.Debug|Any CPU.Build.0 = Debug|Any CPU
		{8D428110-1F66-44A8-9FD6-A595AD57E3FE}.Release|Any CPU.ActiveCfg = Release|Any CPU
		{8D428110-1F66-44A8-9FD6-A595AD57E3FE}.Release|Any CPU.Build.0 = Release|Any CPU
	EndGlobalSection
	GlobalSection(SolutionProperties) = preSolution
		HideSolutionNode = FALSE
	EndGlobalSection
	GlobalSection(ExtensibilityGlobals) = postSolution
		SolutionGuid = {12DD642E-DBDC-4E0E-91F7-43B58E8715A6}
	EndGlobalSection
EndGlobal
